# THIS IS AN AUTOGENERATED FILE. DO NOT EDIT THIS FILE DIRECTLY.
# yarn lockfile v1


"@algolia/cache-browser-local-storage@4.1.0":
  version "4.1.0"
  resolved "https://registry.yarnpkg.com/@algolia/cache-browser-local-storage/-/cache-browser-local-storage-4.1.0.tgz#c4f1bfc57ea562248072b35831e3c4b646cc3921"
  integrity sha512-r8BOgqZXVt+JPgP19PQNzZ+lYP+MP6eZKNQqfRYofFEx+K9oyfdtGCqmoWJsBUi3nNOzhbOcg2jfP2GJzJBZ5g==
  dependencies:
    "@algolia/cache-common" "4.1.0"

"@algolia/cache-common@4.1.0":
  version "4.1.0"
  resolved "https://registry.yarnpkg.com/@algolia/cache-common/-/cache-common-4.1.0.tgz#ab895f8049ff7064ca1bfea504a56f97fd5d4683"
  integrity sha512-ZvvK40bs1BWLErchleZL4ctHT2uH56uLMnpZPCuIk+H2PKddeiIQc/z2JDu2BHr68u513XIAAoQ+C+LgKNugmw==

"@algolia/cache-in-memory@4.1.0":
  version "4.1.0"
  resolved "https://registry.yarnpkg.com/@algolia/cache-in-memory/-/cache-in-memory-4.1.0.tgz#cb9b575df1ebe3befd198a50a444a7d181e50853"
  integrity sha512-2382OXYFDeoPLA5vP9KP58ad15ows24ML5/io/T1N0xsZ0eVXDkT52qgaJw/esUfEkWScZ2R8kpesUa+qEP+kw==
  dependencies:
    "@algolia/cache-common" "4.1.0"

"@algolia/client-account@4.1.0":
  version "4.1.0"
  resolved "https://registry.yarnpkg.com/@algolia/client-account/-/client-account-4.1.0.tgz#a31d26c22e6a56554ea4aa8552d153b1a1aa4363"
  integrity sha512-GFINlsxAHM/GEeDBjoTx8+J1ra9SINQCuXi2C9QSLFClPKug2lzApm8niJJGXckhyZ2aDLb7drJ1qJ8bTspApw==
  dependencies:
    "@algolia/client-common" "4.1.0"
    "@algolia/client-search" "4.1.0"
    "@algolia/transporter" "4.1.0"

"@algolia/client-analytics@4.1.0":
  version "4.1.0"
  resolved "https://registry.yarnpkg.com/@algolia/client-analytics/-/client-analytics-4.1.0.tgz#eb05ccb636351b2d6494b2affb6034b791236998"
  integrity sha512-JMyZ9vXGbTJWiO66fWEu9uJ7GSYfouUyaq8W/6esADPtBbelf+Nc0NRlicOwHHJGwiJvWdvELafxrhkR1+KR8A==
  dependencies:
    "@algolia/client-common" "4.1.0"
    "@algolia/client-search" "4.1.0"
    "@algolia/requester-common" "4.1.0"
    "@algolia/transporter" "4.1.0"

"@algolia/client-common@4.1.0":
  version "4.1.0"
  resolved "https://registry.yarnpkg.com/@algolia/client-common/-/client-common-4.1.0.tgz#cd3a71cef1e0d87476252cbee20b0da938f6221c"
  integrity sha512-fjSMKeG54vAyQAhf+uz039/birTiLun8nDuCNx4CUbzGl97M0g96Q8jpsiZa0cjSNgh0VakMzn2GnHbS55W9/Q==
  dependencies:
    "@algolia/requester-common" "4.1.0"
    "@algolia/transporter" "4.1.0"

"@algolia/client-recommendation@4.1.0":
  version "4.1.0"
  resolved "https://registry.yarnpkg.com/@algolia/client-recommendation/-/client-recommendation-4.1.0.tgz#a0a26de4a6dd902d7ca55cf381cce3a7280d5b49"
  integrity sha512-UEN/QgQwVtVH++yAs2uTuyZZQQ1p5Xs/7/FKT4Kh9/8NAyqDD49zuyq/giw8PRNhWc3C/9jiO7X4RKE8QrVWGw==
  dependencies:
    "@algolia/client-common" "4.1.0"
    "@algolia/requester-common" "4.1.0"
    "@algolia/transporter" "4.1.0"

"@algolia/client-search@4.1.0":
  version "4.1.0"
  resolved "https://registry.yarnpkg.com/@algolia/client-search/-/client-search-4.1.0.tgz#07cc422af997e409968d3b74142e984aa71ae38c"
  integrity sha512-bpCYMEXUdyiopEBSHHwnrRhNEwOLstIeb0Djz+/pVuTXEr3Xg3JUoAZ8xFsCVldcXaZQpbi1/T0y3ky6xUVzfw==
  dependencies:
    "@algolia/client-common" "4.1.0"
    "@algolia/requester-common" "4.1.0"
    "@algolia/transporter" "4.1.0"

"@algolia/logger-common@4.1.0":
  version "4.1.0"
  resolved "https://registry.yarnpkg.com/@algolia/logger-common/-/logger-common-4.1.0.tgz#05608dee38dfa35bfe37874683760140d471bfdc"
  integrity sha512-QrE4Srf1LB7ekLzl68bFqlTrv7Wk7+GpsaGfB4xFZ9Pfv89My9p7qTVqdLlA44hEFY3fZ9csJp1/PFVucgNB4w==

"@algolia/logger-console@4.1.0":
  version "4.1.0"
  resolved "https://registry.yarnpkg.com/@algolia/logger-console/-/logger-console-4.1.0.tgz#099ee86716aea4c976345417397ddfa1338a5acc"
  integrity sha512-sKELkiKIrj/tPRAdhOPNI0UxhK2uiIUXnGs/3ztAif6QX7vyE3lY19sj5pIVJctRvl8LW2UlzpBFGlcCDkho9Q==
  dependencies:
    "@algolia/logger-common" "4.1.0"

"@algolia/requester-browser-xhr@4.1.0":
  version "4.1.0"
  resolved "https://registry.yarnpkg.com/@algolia/requester-browser-xhr/-/requester-browser-xhr-4.1.0.tgz#a7ab63f184f3d0aa8e85ac73ce39c528271c6d9b"
  integrity sha512-bLMfIAkOLs1/vGA09yxU0N5+bE0fSSvEH2ySqVssfWLMP+KRAvby2Goxm8BgI9xLkOvLbhazfQ4Ov2448VvA1g==
  dependencies:
    "@algolia/requester-common" "4.1.0"

"@algolia/requester-common@4.1.0":
  version "4.1.0"
  resolved "https://registry.yarnpkg.com/@algolia/requester-common/-/requester-common-4.1.0.tgz#91907e9963e455b11862d1cca02fc1d1d961dbce"
  integrity sha512-Cy0ciOv5uIm6wF+uLc9DHhxgPJtYQuy1f//hwJcW5mlPX/prPgxWwLXzWyyA+Ca7uU3q+0Y3cIFvEWM5pDxMEg==

"@algolia/requester-node-http@4.1.0":
  version "4.1.0"
  resolved "https://registry.yarnpkg.com/@algolia/requester-node-http/-/requester-node-http-4.1.0.tgz#db0a224538691f6fab18ced27c548cf3b4017689"
  integrity sha512-tXp6Pjx9dFgM5ccW6YfEN6v2Zqq8uGwhS1pyq03/aRYRBK60LptjG5jo++vrOytrQDOnIjcZtQzBQch2GjCVmw==
  dependencies:
    "@algolia/requester-common" "4.1.0"

"@algolia/transporter@4.1.0":
  version "4.1.0"
  resolved "https://registry.yarnpkg.com/@algolia/transporter/-/transporter-4.1.0.tgz#18cb8837ca4079a23572a3b7dbefece71fb6fff3"
  integrity sha512-Z7PjHazSC+KFLDuCFOjvRNgLfh7XOE4tXi0a9O3gBRup4Sk3VQCfTw4ygCF3rRx6uYbq192efLu0nL1E9azxLA==
  dependencies:
    "@algolia/cache-common" "4.1.0"
    "@algolia/logger-common" "4.1.0"
    "@algolia/requester-common" "4.1.0"

algoliasearch@^4.1.0:
  version "4.1.0"
  resolved "https://registry.yarnpkg.com/algoliasearch/-/algoliasearch-4.1.0.tgz#d422ac0d115497021a6c96f4b9747dbaa63f164a"
  integrity sha512-0lzjvqQZkJYPuv7LyQauMIMCFFzJWfUf3m9KuHjmFubwbnTDa87KCMXKouMJ0kWXXt6nTLNt0+2YRREOWx2PHw==
  dependencies:
    "@algolia/cache-browser-local-storage" "4.1.0"
    "@algolia/cache-common" "4.1.0"
    "@algolia/cache-in-memory" "4.1.0"
    "@algolia/client-account" "4.1.0"
    "@algolia/client-analytics" "4.1.0"
    "@algolia/client-common" "4.1.0"
    "@algolia/client-recommendation" "4.1.0"
    "@algolia/client-search" "4.1.0"
    "@algolia/logger-common" "4.1.0"
    "@algolia/logger-console" "4.1.0"
    "@algolia/requester-browser-xhr" "4.1.0"
    "@algolia/requester-common" "4.1.0"
    "@algolia/requester-node-http" "4.1.0"
    "@algolia/transporter" "4.1.0"

axios@^0.21.0:
  version "0.21.0"
  resolved "https://registry.yarnpkg.com/axios/-/axios-0.21.0.tgz#26df088803a2350dff2c27f96fef99fe49442aca"
  integrity sha512-fmkJBknJKoZwem3/IKSSLpkdNXZeBu5Q7GA/aRsr2btgrptmSCxi2oFjZHqGdK9DoTil9PIHlPIZw2EcRJXRvw==
  dependencies:
    follow-redirects "^1.10.0"

define-properties@^1.1.2:
  version "1.1.3"
  resolved "https://registry.yarnpkg.com/define-properties/-/define-properties-1.1.3.tgz#cf88da6cbee26fe6db7094f61d870cbd84cee9f1"
  integrity sha512-3MqfYKj2lLzdMSf8ZIZE/V+Zuy+BgD6f164e8K2w7dgnpKArBDerGYpM46IYYcjnkdPNMjPk9A6VFB8+3SKlXQ==
  dependencies:
    object-keys "^1.0.12"

dotenv@^8.0.0:
  version "8.1.0"
  resolved "https://registry.yarnpkg.com/dotenv/-/dotenv-8.1.0.tgz#d811e178652bfb8a1e593c6dd704ec7e90d85ea2"
  integrity sha512-GUE3gqcDCaMltj2++g6bRQ5rBJWtkWTmqmD0fo1RnnMuUqHNCt2oTPeDnS9n6fKYvlhn7AeBkb38lymBtWBQdA==

es-abstract@^1.5.1:
  version "1.14.2"
  resolved "https://registry.yarnpkg.com/es-abstract/-/es-abstract-1.14.2.tgz#7ce108fad83068c8783c3cdf62e504e084d8c497"
  integrity sha512-DgoQmbpFNOofkjJtKwr87Ma5EW4Dc8fWhD0R+ndq7Oc456ivUfGOOP6oAZTTKl5/CcNMP+EN+e3/iUzgE0veZg==
  dependencies:
    es-to-primitive "^1.2.0"
    function-bind "^1.1.1"
    has "^1.0.3"
    has-symbols "^1.0.0"
    is-callable "^1.1.4"
    is-regex "^1.0.4"
    object-inspect "^1.6.0"
    object-keys "^1.1.1"
    string.prototype.trimleft "^2.0.0"
    string.prototype.trimright "^2.0.0"

es-to-primitive@^1.2.0:
  version "1.2.0"
  resolved "https://registry.yarnpkg.com/es-to-primitive/-/es-to-primitive-1.2.0.tgz#edf72478033456e8dda8ef09e00ad9650707f377"
  integrity sha512-qZryBOJjV//LaxLTV6UC//WewneB3LcXOL9NP++ozKVXsIIIpm/2c13UDiD9Jp2eThsecw9m3jPqDwTyobcdbg==
  dependencies:
    is-callable "^1.1.4"
    is-date-object "^1.0.1"
    is-symbol "^1.0.2"

follow-redirects@^1.10.0:
  version "1.13.0"
  resolved "https://registry.yarnpkg.com/follow-redirects/-/follow-redirects-1.13.0.tgz#b42e8d93a2a7eea5ed88633676d6597bc8e384db"
  integrity sha512-aq6gF1BEKje4a9i9+5jimNFIpq4Q1WiwBToeRK5NvZBd/TRsmW8BsJfOEGkr76TbOyPVD3OVDN910EcUNtRYEA==

function-bind@^1.0.2, function-bind@^1.1.1:
  version "1.1.1"
  resolved "https://registry.yarnpkg.com/function-bind/-/function-bind-1.1.1.tgz#a56899d3ea3c9bab874bb9773b7c5ede92f4895d"
  integrity sha512-yIovAzMX49sF8Yl58fSCWJ5svSLuaibPxXQJFLmBObTuCr0Mf1KiPopGM9NiFjiYBCbfaa2Fh6breQ6ANVTI0A==

has-symbols@^1.0.0:
  version "1.0.0"
  resolved "https://registry.yarnpkg.com/has-symbols/-/has-symbols-1.0.0.tgz#ba1a8f1af2a0fc39650f5c850367704122063b44"
  integrity sha1-uhqPGvKg/DllD1yFA2dwQSIGO0Q=

has@^1.0.1, has@^1.0.3:
  version "1.0.3"
  resolved "https://registry.yarnpkg.com/has/-/has-1.0.3.tgz#722d7cbfc1f6aa8241f16dd814e011e1f41e8796"
  integrity sha512-f2dvO0VU6Oej7RkWJGrehjbzMAjFp5/VKPp5tTpWIV4JHHZK1/BxbFRtf/siA2SWTe09caDmVtYYzWEIbBS4zw==
  dependencies:
    function-bind "^1.1.1"

is-callable@^1.1.4:
  version "1.1.4"
  resolved "https://registry.yarnpkg.com/is-callable/-/is-callable-1.1.4.tgz#1e1adf219e1eeb684d691f9d6a05ff0d30a24d75"
  integrity sha512-r5p9sxJjYnArLjObpjA4xu5EKI3CuKHkJXMhT7kwbpUyIFD1n5PMAsoPvWnvtZiNz7LjkYDRZhd7FlI0eMijEA==

is-date-object@^1.0.1:
  version "1.0.1"
  resolved "https://registry.yarnpkg.com/is-date-object/-/is-date-object-1.0.1.tgz#9aa20eb6aeebbff77fbd33e74ca01b33581d3a16"
  integrity sha1-mqIOtq7rv/d/vTPnTKAbM1gdOhY=

is-regex@^1.0.4:
  version "1.0.4"
  resolved "https://registry.yarnpkg.com/is-regex/-/is-regex-1.0.4.tgz#5517489b547091b0930e095654ced25ee97e9491"
  integrity sha1-VRdIm1RwkbCTDglWVM7SXul+lJE=
  dependencies:
    has "^1.0.1"

is-symbol@^1.0.2:
  version "1.0.2"
  resolved "https://registry.yarnpkg.com/is-symbol/-/is-symbol-1.0.2.tgz#a055f6ae57192caee329e7a860118b497a950f38"
  integrity sha512-HS8bZ9ox60yCJLH9snBpIwv9pYUAkcuLhSA1oero1UB5y9aiQpRA8y2ex945AOtCZL1lJDeIk3G5LthswI46Lw==
  dependencies:
    has-symbols "^1.0.0"

object-inspect@^1.6.0:
  version "1.6.0"
  resolved "https://registry.yarnpkg.com/object-inspect/-/object-inspect-1.6.0.tgz#c70b6cbf72f274aab4c34c0c82f5167bf82cf15b"
  integrity sha512-GJzfBZ6DgDAmnuaM3104jR4s1Myxr3Y3zfIyN4z3UdqN69oSRacNK8UhnobDdC+7J2AHCjGwxQubNJfE70SXXQ==

object-keys@^1.0.12, object-keys@^1.1.1:
  version "1.1.1"
  resolved "https://registry.yarnpkg.com/object-keys/-/object-keys-1.1.1.tgz#1c47f272df277f3b1daf061677d9c82e2322c60e"
  integrity sha512-NuAESUOUMrlIXOfHKzD6bpPu3tYt3xvjNdRIQ+FeT0lNb4K8WR70CaDxhuNguS2XG+GjkyMwOzsN5ZktImfhLA==

object.getownpropertydescriptors@^2.0.3:
  version "2.0.3"
  resolved "https://registry.yarnpkg.com/object.getownpropertydescriptors/-/object.getownpropertydescriptors-2.0.3.tgz#8758c846f5b407adab0f236e0986f14b051caa16"
  integrity sha1-h1jIRvW0B62rDyNuCYbxSwUcqhY=
  dependencies:
    define-properties "^1.1.2"
    es-abstract "^1.5.1"

sax@>=0.6.0:
  version "1.2.4"
  resolved "https://registry.yarnpkg.com/sax/-/sax-1.2.4.tgz#2816234e2378bddc4e5354fab5caa895df7100d9"
  integrity sha512-NqVDv9TpANUjFm0N8uM5GxL36UgKi9/atZw+x7YFnQ8ckwFGKrl4xX4yWtrey3UJm5nP1kUbnYgLopqWNSRhWw==

string.prototype.trimleft@^2.0.0:
  version "2.0.0"
  resolved "https://registry.yarnpkg.com/string.prototype.trimleft/-/string.prototype.trimleft-2.0.0.tgz#68b6aa8e162c6a80e76e3a8a0c2e747186e271ff"
  integrity sha1-aLaqjhYsaoDnbjqKDC50cYbicf8=
  dependencies:
    define-properties "^1.1.2"
    function-bind "^1.0.2"

string.prototype.trimright@^2.0.0:
  version "2.0.0"
  resolved "https://registry.yarnpkg.com/string.prototype.trimright/-/string.prototype.trimright-2.0.0.tgz#ab4a56d802a01fbe7293e11e84f24dc8164661dd"
  integrity sha1-q0pW2AKgH75yk+EehPJNyBZGYd0=
  dependencies:
    define-properties "^1.1.2"
    function-bind "^1.0.2"

util.promisify@~1.0.0:
  version "1.0.0"
  resolved "https://registry.yarnpkg.com/util.promisify/-/util.promisify-1.0.0.tgz#440f7165a459c9a16dc145eb8e72f35687097030"
  integrity sha512-i+6qA2MPhvoKLuxnJNpXAGhg7HphQOSUq2LKMZD0m15EiskXUkMvKdF4Uui0WYeCUGea+o2cw/ZuwehtfsrNkA==
  dependencies:
    define-properties "^1.1.2"
    object.getownpropertydescriptors "^2.0.3"

xml2js@^0.4.19:
  version "0.4.22"
  resolved "https://registry.yarnpkg.com/xml2js/-/xml2js-0.4.22.tgz#4fa2d846ec803237de86f30aa9b5f70b6600de02"
  integrity sha512-MWTbxAQqclRSTnehWWe5nMKzI3VmJ8ltiJEco8akcC6j3miOhjjfzKum5sId+CWhfxdOs/1xauYr8/ZDBtQiRw==
  dependencies:
    sax ">=0.6.0"
    util.promisify "~1.0.0"
    xmlbuilder "~11.0.0"

xmlbuilder@~11.0.0:
  version "11.0.1"
  resolved "https://registry.yarnpkg.com/xmlbuilder/-/xmlbuilder-11.0.1.tgz#be9bae1c8a046e76b31127726347d0ad7002beb3"
  integrity sha512-fDlsI/kFEx7gLvbecc0/ohLG50fugQp8ryHzMTuW9vSa1GJ0XYWKnhsUx7oie3G98+r56aTQIUB4kht42R3JvA==
